
Microsoft Visual Studio Solution File, Format Version 12.00
# Visual Studio Version 17
VisualStudioVersion = 17.0.32112.339
MinimumVisualStudioVersion = 10.0.40219.1
Project("{9A19103F-16F7-4668-BE54-9A1E7A4F7556}") = "Algoritm", "Algoritm\Algoritm.csproj", "{7B794145-8D18-47CB-A80C-03E436482900}"
EndProject
Project("{FAE04EC0-301F-11D3-BF4B-00C04F79EFBC}") = "Algoritm.Common", "Algoritm.Common\Algoritm.Common.csproj", "{FFEC4BCF-81C0-4E97-8125-7CACC53CBE9C}"
EndProject
Project("{FAE04EC0-301F-11D3-BF4B-00C04F79EFBC}") = "Algoritm.PackDZ", "Algoritm.PackDZ\Algoritm.PackDZ.csproj", "{82C0891A-009E-4215-9793-539EDAF08BE8}"
EndProject
Global
	GlobalSection(SolutionConfigurationPlatforms) = preSolution
		Debug|Any CPU = Debug|Any CPU
		Release|Any CPU = Release|Any CPU
	EndGlobalSection
	GlobalSection(ProjectConfigurationPlatforms) = postSolution
		{7B794145-8D18-47CB-A80C-03E436482900}.Debug|Any CPU.ActiveCfg = Debug|Any CPU
		{7B794145-8D18-47CB-A80C-03E436482900}.Debug|Any CPU.Build.0 = Debug|Any CPU
		{7B794145-8D18-47CB-A80C-03E436482900}.Release|Any CPU.ActiveCfg = Release|Any CPU
		{7B794145-8D18-47CB-A80C-03E436482900}.Release|Any CPU.Build.0 = Release|Any CPU
		{FFEC4BCF-81C0-4E97-8125-7CACC53CBE9C}.Debug|Any CPU.ActiveCfg = Debug|Any CPU
		{FFEC4BCF-81C0-4E97-8125-7CACC53CBE9C}.Debug|Any CPU.Build.0 = Debug|Any CPU
		{FFEC4BCF-81C0-4E97-8125-7CACC53CBE9C}.Release|Any CPU.ActiveCfg = Release|Any CPU
		{FFEC4BCF-81C0-4E97-8125-7CACC53CBE9C}.Release|Any CPU.Build.0 = Release|Any CPU
		{82C0891A-009E-4215-9793-539EDAF08BE8}.Debug|Any CPU.ActiveCfg = Debug|Any CPU
		{82C0891A-009E-4215-9793-539EDAF08BE8}.Debug|Any CPU.Build.0 = Debug|Any CPU
		{82C0891A-009E-4215-9793-539EDAF08BE8}.Release|Any CPU.ActiveCfg = Release|Any CPU
		{82C0891A-009E-4215-9793-539EDAF08BE8}.Release|Any CPU.Build.0 = Release|Any CPU
	EndGlobalSection
	GlobalSection(SolutionProperties) = preSolution
		HideSolutionNode = FALSE
	EndGlobalSection
	GlobalSection(ExtensibilityGlobals) = postSolution
		SolutionGuid = {9A366387-8796-4A25-8FA2-19BCBE864C75}
	EndGlobalSection
EndGlobal
